
Microsoft Visual Studio Solution File, Format Version 12.00
# Visual Studio Version 17
VisualStudioVersion = 17.0.32112.339
MinimumVisualStudioVersion = 10.0.40219.1
Project("{888888A0-9F3D-457C-B088-3A5042F75D52}") = "OS main project", "OS main project\OS main project.pyproj", "{B3516073-BC85-4800-8ABF-A92CDA8D3F56}"
EndProject
Global
	GlobalSection(SolutionConfigurationPlatforms) = preSolution
		Debug|Any CPU = Debug|Any CPU
		Release|Any CPU = Release|Any CPU
	EndGlobalSection
	GlobalSection(ProjectConfigurationPlatforms) = postSolution
		{B3516073-BC85-4800-8ABF-A92CDA8D3F56}.Debug|Any CPU.ActiveCfg = Debug|Any CPU
		{B3516073-BC85-4800-8ABF-A92CDA8D3F56}.Release|Any CPU.ActiveCfg = Release|Any CPU
	EndGlobalSection
	GlobalSection(SolutionProperties) = preSolution
		HideSolutionNode = FALSE
	EndGlobalSection
	GlobalSection(ExtensibilityGlobals) = postSolution
		SolutionGuid = {930DA44C-173A-4574-B6FA-5EFE98DB9FF1}
	EndGlobalSection
EndGlobal
